
Microsoft Visual Studio Solution File, Format Version 12.00
# Visual Studio Version 16
VisualStudioVersion = 16.0.30413.136
MinimumVisualStudioVersion = 10.0.40219.1
Project("{FAE04EC0-301F-11D3-BF4B-00C04F79EFBC}") = "BE", "ConsoleApplication1\BE.csproj", "{959D6C0C-FE46-4F95-A597-2BF83B739F69}"
EndProject
Project("{FAE04EC0-301F-11D3-BF4B-00C04F79EFBC}") = "BL", "ConsoleApplication2\BL.csproj", "{7FF65B75-BD8F-480C-9EEC-0DFA2F211B4A}"
EndProject
Project("{FAE04EC0-301F-11D3-BF4B-00C04F79EFBC}") = "DAL", "ConsoleApplication3\DAL.csproj", "{5086A7C1-C80A-470F-BBAA-F8B518F861D9}"
EndProject
Project("{2150E333-8FDC-42A3-9474-1A3956D46DE8}") = "Solution Items", "Solution Items", "{9A6133E5-CA80-4082-AA90-C428FC6BDAF2}"
EndProject
Project("{FAE04EC0-301F-11D3-BF4B-00C04F79EFBC}") = "WpfApplication3", "WpfApplication3\WpfApplication3.csproj", "{3871BD64-BC15-4CD4-A7B9-22F7EBFD2F67}"
EndProject
Project("{FAE04EC0-301F-11D3-BF4B-00C04F79EFBC}") = "WpfAppMap", "WpfAppMap\WpfAppMap.csproj", "{300C2348-FE95-4AB9-9575-5A936385D31A}"
EndProject
Global
	GlobalSection(SolutionConfigurationPlatforms) = preSolution
		Debug|Any CPU = Debug|Any CPU
		Debug|ARM = Debug|ARM
		Debug|x64 = Debug|x64
		Debug|x86 = Debug|x86
		Release|Any CPU = Release|Any CPU
		Release|ARM = Release|ARM
		Release|x64 = Release|x64
		Release|x86 = Release|x86
	EndGlobalSection
	GlobalSection(ProjectConfigurationPlatforms) = postSolution
		{959D6C0C-FE46-4F95-A597-2BF83B739F69}.Debug|Any CPU.ActiveCfg = Debug|Any CPU
		{959D6C0C-FE46-4F95-A597-2BF83B739F69}.Debug|Any CPU.Build.0 = Debug|Any CPU
		{959D6C0C-FE46-4F95-A597-2BF83B739F69}.Debug|ARM.ActiveCfg = Debug|Any CPU
		{959D6C0C-FE46-4F95-A597-2BF83B739F69}.Debug|ARM.Build.0 = Debug|Any CPU
		{959D6C0C-FE46-4F95-A597-2BF83B739F69}.Debug|x64.ActiveCfg = Debug|Any CPU
		{959D6C0C-FE46-4F95-A597-2BF83B739F69}.Debug|x64.Build.0 = Debug|Any CPU
		{959D6C0C-FE46-4F95-A597-2BF83B739F69}.Debug|x86.ActiveCfg = Debug|Any CPU
		{959D6C0C-FE46-4F95-A597-2BF83B739F69}.Debug|x86.Build.0 = Debug|Any CPU
		{959D6C0C-FE46-4F95-A597-2BF83B739F69}.Release|Any CPU.ActiveCfg = Release|Any CPU
		{959D6C0C-FE46-4F95-A597-2BF83B739F69}.Release|Any CPU.Build.0 = Release|Any CPU
		{959D6C0C-FE46-4F95-A597-2BF83B739F69}.Release|ARM.ActiveCfg = Release|Any CPU
		{959D6C0C-FE46-4F95-A597-2BF83B739F69}.Release|ARM.Build.0 = Release|Any CPU
		{959D6C0C-FE46-4F95-A597-2BF83B739F69}.Release|x64.ActiveCfg = Release|Any CPU
		{959D6C0C-FE46-4F95-A597-2BF83B739F69}.Release|x64.Build.0 = Release|Any CPU
		{959D6C0C-FE46-4F95-A597-2BF83B739F69}.Release|x86.ActiveCfg = Release|Any CPU
		{959D6C0C-FE46-4F95-A597-2BF83B739F69}.Release|x86.Build.0 = Release|Any CPU
		{7FF65B75-BD8F-480C-9EEC-0DFA2F211B4A}.Debug|Any CPU.ActiveCfg = Debug|Any CPU
		{7FF65B75-BD8F-480C-9EEC-0DFA2F211B4A}.Debug|Any CPU.Build.0 = Debug|Any CPU
		{7FF65B75-BD8F-480C-9EEC-0DFA2F211B4A}.Debug|ARM.ActiveCfg = Debug|Any CPU
		{7FF65B75-BD8F-480C-9EEC-0DFA2F211B4A}.Debug|ARM.Build.0 = Debug|Any CPU
		{7FF65B75-BD8F-480C-9EEC-0DFA2F211B4A}.Debug|x64.ActiveCfg = Debug|Any CPU
		{7FF65B75-BD8F-480C-9EEC-0DFA2F211B4A}.Debug|x64.Build.0 = Debug|Any CPU
		{7FF65B75-BD8F-480C-9EEC-0DFA2F211B4A}.Debug|x86.ActiveCfg = Debug|Any CPU
		{7FF65B75-BD8F-480C-9EEC-0DFA2F211B4A}.Debug|x86.Build.0 = Debug|Any CPU
		{7FF65B75-BD8F-480C-9EEC-0DFA2F211B4A}.Release|Any CPU.ActiveCfg = Release|Any CPU
		{7FF65B75-BD8F-480C-9EEC-0DFA2F211B4A}.Release|Any CPU.Build.0 = Release|Any CPU
		{7FF65B75-BD8F-480C-9EEC-0DFA2F211B4A}.Release|ARM.ActiveCfg = Release|Any CPU
		{7FF65B75-BD8F-480C-9EEC-0DFA2F211B4A}.Release|ARM.Build.0 = Release|Any CPU
		{7FF65B75-BD8F-480C-9EEC-0DFA2F211B4A}.Release|x64.ActiveCfg = Release|Any CPU
		{7FF65B75-BD8F-480C-9EEC-0DFA2F211B4A}.Release|x64.Build.0 = Release|Any CPU
		{7FF65B75-BD8F-480C-9EEC-0DFA2F211B4A}.Release|x86.ActiveCfg = Release|Any CPU
		{7FF65B75-BD8F-480C-9EEC-0DFA2F211B4A}.Release|x86.Build.0 = Release|Any CPU
		{5086A7C1-C80A-470F-BBAA-F8B518F861D9}.Debug|Any CPU.ActiveCfg = Debug|Any CPU
		{5086A7C1-C80A-470F-BBAA-F8B518F861D9}.Debug|Any CPU.Build.0 = Debug|Any CPU
		{5086A7C1-C80A-470F-BBAA-F8B518F861D9}.Debug|ARM.ActiveCfg = Debug|Any CPU
		{5086A7C1-C80A-470F-BBAA-F8B518F861D9}.Debug|ARM.Build.0 = Debug|Any CPU
		{5086A7C1-C80A-470F-BBAA-F8B518F861D9}.Debug|x64.ActiveCfg = Debug|Any CPU
		{5086A7C1-C80A-470F-BBAA-F8B518F861D9}.Debug|x64.Build.0 = Debug|Any CPU
		{5086A7C1-C80A-470F-BBAA-F8B518F861D9}.Debug|x86.ActiveCfg = Debug|Any CPU
		{5086A7C1-C80A-470F-BBAA-F8B518F861D9}.Debug|x86.Build.0 = Debug|Any CPU
		{5086A7C1-C80A-470F-BBAA-F8B518F861D9}.Release|Any CPU.ActiveCfg = Release|Any CPU
		{5086A7C1-C80A-470F-BBAA-F8B518F861D9}.Release|Any CPU.Build.0 = Release|Any CPU
		{5086A7C1-C80A-470F-BBAA-F8B518F861D9}.Release|ARM.ActiveCfg = Release|Any CPU
		{5086A7C1-C80A-470F-BBAA-F8B518F861D9}.Release|ARM.Build.0 = Release|Any CPU
		{5086A7C1-C80A-470F-BBAA-F8B518F861D9}.Release|x64.ActiveCfg = Release|Any CPU
		{5086A7C1-C80A-470F-BBAA-F8B518F861D9}.Release|x64.Build.0 = Release|Any CPU
		{5086A7C1-C80A-470F-BBAA-F8B518F861D9}.Release|x86.ActiveCfg = Release|Any CPU
		{5086A7C1-C80A-470F-BBAA-F8B518F861D9}.Release|x86.Build.0 = Release|Any CPU
		{3871BD64-BC15-4CD4-A7B9-22F7EBFD2F67}.Debug|Any CPU.ActiveCfg = Debug|Any CPU
		{3871BD64-BC15-4CD4-A7B9-22F7EBFD2F67}.Debug|Any CPU.Build.0 = Debug|Any CPU
		{3871BD64-BC15-4CD4-A7B9-22F7EBFD2F67}.Debug|ARM.ActiveCfg = Debug|Any CPU
		{3871BD64-BC15-4CD4-A7B9-22F7EBFD2F67}.Debug|ARM.Build.0 = Debug|Any CPU
		{3871BD64-BC15-4CD4-A7B9-22F7EBFD2F67}.Debug|x64.ActiveCfg = Debug|Any CPU
		{3871BD64-BC15-4CD4-A7B9-22F7EBFD2F67}.Debug|x64.Build.0 = Debug|Any CPU
		{3871BD64-BC15-4CD4-A7B9-22F7EBFD2F67}.Debug|x86.ActiveCfg = Debug|Any CPU
		{3871BD64-BC15-4CD4-A7B9-22F7EBFD2F67}.Debug|x86.Build.0 = Debug|Any CPU
		{3871BD64-BC15-4CD4-A7B9-22F7EBFD2F67}.Release|Any CPU.ActiveCfg = Release|Any CPU
		{3871BD64-BC15-4CD4-A7B9-22F7EBFD2F67}.Release|Any CPU.Build.0 = Release|Any CPU
		{3871BD64-BC15-4CD4-A7B9-22F7EBFD2F67}.Release|ARM.ActiveCfg = Release|Any CPU
		{3871BD64-BC15-4CD4-A7B9-22F7EBFD2F67}.Release|ARM.Build.0 = Release|Any CPU
		{3871BD64-BC15-4CD4-A7B9-22F7EBFD2F67}.Release|x64.ActiveCfg = Release|Any CPU
		{3871BD64-BC15-4CD4-A7B9-22F7EBFD2F67}.Release|x64.Build.0 = Release|Any CPU
		{3871BD64-BC15-4CD4-A7B9-22F7EBFD2F67}.Release|x86.ActiveCfg = Release|Any CPU
		{3871BD64-BC15-4CD4-A7B9-22F7EBFD2F67}.Release|x86.Build.0 = Release|Any CPU
		{300C2348-FE95-4AB9-9575-5A936385D31A}.Debug|Any CPU.ActiveCfg = Debug|Any CPU
		{300C2348-FE95-4AB9-9575-5A936385D31A}.Debug|Any CPU.Build.0 = Debug|Any CPU
		{300C2348-FE95-4AB9-9575-5A936385D31A}.Debug|ARM.ActiveCfg = Debug|Any CPU
		{300C2348-FE95-4AB9-9575-5A936385D31A}.Debug|ARM.Build.0 = Debug|Any CPU
		{300C2348-FE95-4AB9-9575-5A936385D31A}.Debug|x64.ActiveCfg = Debug|Any CPU
		{300C2348-FE95-4AB9-9575-5A936385D31A}.Debug|x64.Build.0 = Debug|Any CPU
		{300C2348-FE95-4AB9-9575-5A936385D31A}.Debug|x86.ActiveCfg = Debug|Any CPU
		{300C2348-FE95-4AB9-9575-5A936385D31A}.Debug|x86.Build.0 = Debug|Any CPU
		{300C2348-FE95-4AB9-9575-5A936385D31A}.Release|Any CPU.ActiveCfg = Release|Any CPU
		{300C2348-FE95-4AB9-9575-5A936385D31A}.Release|Any CPU.Build.0 = Release|Any CPU
		{300C2348-FE95-4AB9-9575-5A936385D31A}.Release|ARM.ActiveCfg = Release|Any CPU
		{300C2348-FE95-4AB9-9575-5A936385D31A}.Release|ARM.Build.0 = Release|Any CPU
		{300C2348-FE95-4AB9-9575-5A936385D31A}.Release|x64.ActiveCfg = Release|Any CPU
		{300C2348-FE95-4AB9-9575-5A936385D31A}.Release|x64.Build.0 = Release|Any CPU
		{300C2348-FE95-4AB9-9575-5A936385D31A}.Release|x86.ActiveCfg = Release|Any CPU
		{300C2348-FE95-4AB9-9575-5A936385D31A}.Release|x86.Build.0 = Release|Any CPU
	EndGlobalSection
	GlobalSection(SolutionProperties) = preSolution
		HideSolutionNode = FALSE
	EndGlobalSection
	GlobalSection(ExtensibilityGlobals) = postSolution
		SolutionGuid = {D128426E-9FFC-408F-B324-D32EEBCC3420}
	EndGlobalSection
EndGlobal
